PODS:
  - Stuart (0.1.0):
    - Stuart/SectionListView (= 0.1.0)
  - Stuart/SectionListView (0.1.0)

DEPENDENCIES:
  - Stuart (from `../`)

EXTERNAL SOURCES:
  Stuart:
    :path: "../"

SPEC CHECKSUMS:
  Stuart: 19f80831bc76326d3328c655f8b194ca6db459c9

PODFILE CHECKSUM: 5345db2b65a50712fca7c2af9f47d10601288ae4

COCOAPODS: 1.8.0
