PODS:
  - Stuart (0.1.0):
    - Stuart/Input (= 0.1.0)
    - Stuart/SectionView (= 0.1.0)
  - Stuart/Input (0.1.0)
  - Stuart/SectionView (0.1.0)

DEPENDENCIES:
  - Stuart (from `../`)

EXTERNAL SOURCES:
  Stuart:
    :path: "../"

SPEC CHECKSUMS:
  Stuart: a9a711fbb7b32a0a522947a1ccb483c5175c6f01

PODFILE CHECKSUM: 5345db2b65a50712fca7c2af9f47d10601288ae4

COCOAPODS: 1.8.0
