PODS:
  - SnapKit (5.0.1)
  - Stuart (0.0.1):
    - Stuart/ListView (= 0.0.1)
    - Stuart/SectionView (= 0.0.1)
    - Stuart/unit (= 0.0.1)
  - Stuart/ListView (0.0.1)
  - Stuart/SectionView (0.0.1)
  - Stuart/unit (0.0.1)
  - SwiftLint (0.38.1)

DEPENDENCIES:
  - SnapKit
  - Stuart (from `./Template.podspec`)
  - SwiftLint

SPEC REPOS:
  trunk:
    - SnapKit
    - SwiftLint

EXTERNAL SOURCES:
  Stuart:
    :path: "./Template.podspec"

SPEC CHECKSUMS:
  SnapKit: 97b92857e3df3a0c71833cce143274bf6ef8e5eb
  Stuart: d186cb413906b9681c2895b6c44bbf8b7b6a28b5
  SwiftLint: 0aeb99ca7ccfc222ef93e2560a35e669f5465e6c

PODFILE CHECKSUM: 632769abbfaf14b2326e002611f4ebb281318004

COCOAPODS: 1.9.0
